PODS:
  - AppsSharedModule (1.0.0)

DEPENDENCIES:
  - AppsSharedModule (from `https://github.com/nonameplum/kotlin-native-framework.git`, branch `main`)

EXTERNAL SOURCES:
  AppsSharedModule:
    :branch: main
    :git: https://github.com/nonameplum/kotlin-native-framework.git

CHECKOUT OPTIONS:
  AppsSharedModule:
    :commit: ae82437d15c4a49ee19d40dd4a5fd30cdbf33e89
    :git: https://github.com/nonameplum/kotlin-native-framework.git

SPEC CHECKSUMS:
  AppsSharedModule: 27a9e3fecf1937fc6664dc78ed15a703445c1ba0

PODFILE CHECKSUM: 7755fe04a6cc5571ef8594adff47aeedbb1f4143

COCOAPODS: 1.9.3
